hash: 0673e7937f3f4efbb5c0e9f28b1fc755c7badfb0f970632e15b747c0352ecb77
updated: 2017-01-21T14:03:56.955390483+06:00
imports:
- name: github.com/andybalholm/cascadia
  version: 1c31af6f6c1a7b101ed05aacc7d8a738b43ae86e
- name: github.com/gen1us2k/log
  version: a9e195e628c0b15dd80b92aff2705da30696ead1
- name: github.com/labstack/echo
  version: 0696d555863f15fdea1a80bd7e06ac662a131a96
- name: github.com/labstack/gommon
  version: f72d3c883f8ea180da8f085dd320804c41332ad1
  subpackages:
  - color
  - log
- name: github.com/mattn/go-colorable
  version: ed8eb9e318d7a84ce5915b495b7d35e0cfe7b5a8
- name: github.com/mattn/go-isatty
  version: 66b8e73f3f5cda9f96b69efd03dd3d7fc4a5cdb8
- name: github.com/PuerkitoBio/goquery
  version: 3cb3b8656883c2cc3deb9c643d93ea6e5157e425
- name: github.com/rylio/ytdl
  version: 1745da3ae7a6a2a08f8f14aa33c32083e73ab364
- name: github.com/Sirupsen/logrus
  version: 61e43dc76f7ee59a82bdf3d71033dc12bea4c77d
- name: github.com/technoweenie/multipartstreamer
  version: a90a01d73ae432e2611d178c18367fbaa13e0154
- name: github.com/tylerb/graceful
  version: d37e108c89765a8e307f15b8fb2ecd10575da6bb
- name: github.com/urfave/cli
  version: 0bdeddeeb0f650497d603c4ad7b20cfe685682f6
- name: github.com/valyala/fasttemplate
  version: 3b874956e03f1636d171bda64b130f9135f42cff
- name: golang.org/x/crypto
  version: 7c6cc321c680f03b9ef0764448e780704f486b51
  subpackages:
  - acme
  - acme/autocert
- name: golang.org/x/net
  version: 71a035914f99bb58fe82eac0f1289f10963d876c
  subpackages:
  - context
  - context/ctxhttp
  - html
  - html/atom
- name: golang.org/x/sys
  version: a646d33e2ee3172a661fc09bca23bb4889a41bc8
  subpackages:
  - unix
- name: google.golang.org/api
  version: b9d03e6e091e36f9a089515bc84cf14c2d199c4c
  subpackages:
  - gensupport
  - googleapi
  - googleapi/internal/uritemplates
  - googleapi/transport
  - youtube/v3
- name: gopkg.in/telegram-bot-api.v4
  version: 0a57807db79efce7f6719fbb2c0e0f83fda79aec
testImports:
- name: github.com/davecgh/go-spew
  version: 6d212800a42e8ab5c146b8ace3490ee17e5225f9
  subpackages:
  - spew
- name: github.com/pmezard/go-difflib
  version: d8ed2627bdf02c080bf22230dbb337003b7aba2d
  subpackages:
  - difflib
- name: github.com/stretchr/testify
  version: 69483b4bd14f5845b5a1e55bca19e954e827f1d0
  subpackages:
  - assert
